# This file is automatically @generated by Cargo.
# It is not intended for manual editing.
version = 4

[[package]]
name = "mpeg2ts"
version = "0.6.0"
dependencies = [
 "noargs",
]

[[package]]
name = "noargs"
version = "0.4.2"
source = "registry+https://github.com/rust-lang/crates.io-index"
checksum = "9e5dc223a8d69eaeb19c31218a69a55112fe79965764430f092532aed848f1b8"
